
Microsoft Visual Studio Solution File, Format Version 12.00
# Visual Studio 14
VisualStudioVersion = 14.0.25420.1
MinimumVisualStudioVersion = 10.0.40219.1
Project("{FAE04EC0-301F-11D3-BF4B-00C04F79EFBC}") = "Dizzle.Cqrs.Core", "Dizzle.Cqrs.Core\Dizzle.Cqrs.Core.csproj", "{0A22F393-7152-4E02-9E28-C7EA6CED6E4E}"
EndProject
Project("{FAE04EC0-301F-11D3-BF4B-00C04F79EFBC}") = "Dizzle.Cqrs.Core.TestSupport", "Dizzle.Cqrs.Core.TestSupport\Dizzle.Cqrs.Core.TestSupport.csproj", "{B6CAB685-2460-4011-B457-A429F600FA9D}"
EndProject
Project("{FAE04EC0-301F-11D3-BF4B-00C04F79EFBC}") = "TestDomain", "TestDomain\TestDomain.csproj", "{A82BC10B-327E-4931-AB3D-84F6C7A631C0}"
EndProject
Project("{FAE04EC0-301F-11D3-BF4B-00C04F79EFBC}") = "TestDomain.Tests", "TestDomain.Tests\TestDomain.Tests.csproj", "{3063C4D1-EDF0-4ECA-A1C4-4EEA5FF5748B}"
EndProject
Global
	GlobalSection(SolutionConfigurationPlatforms) = preSolution
		Debug|Any CPU = Debug|Any CPU
		Release|Any CPU = Release|Any CPU
	EndGlobalSection
	GlobalSection(ProjectConfigurationPlatforms) = postSolution
		{0A22F393-7152-4E02-9E28-C7EA6CED6E4E}.Debug|Any CPU.ActiveCfg = Debug|Any CPU
		{0A22F393-7152-4E02-9E28-C7EA6CED6E4E}.Debug|Any CPU.Build.0 = Debug|Any CPU
		{0A22F393-7152-4E02-9E28-C7EA6CED6E4E}.Release|Any CPU.ActiveCfg = Release|Any CPU
		{0A22F393-7152-4E02-9E28-C7EA6CED6E4E}.Release|Any CPU.Build.0 = Release|Any CPU
		{B6CAB685-2460-4011-B457-A429F600FA9D}.Debug|Any CPU.ActiveCfg = Debug|Any CPU
		{B6CAB685-2460-4011-B457-A429F600FA9D}.Debug|Any CPU.Build.0 = Debug|Any CPU
		{B6CAB685-2460-4011-B457-A429F600FA9D}.Release|Any CPU.ActiveCfg = Release|Any CPU
		{B6CAB685-2460-4011-B457-A429F600FA9D}.Release|Any CPU.Build.0 = Release|Any CPU
		{A82BC10B-327E-4931-AB3D-84F6C7A631C0}.Debug|Any CPU.ActiveCfg = Debug|Any CPU
		{A82BC10B-327E-4931-AB3D-84F6C7A631C0}.Debug|Any CPU.Build.0 = Debug|Any CPU
		{A82BC10B-327E-4931-AB3D-84F6C7A631C0}.Release|Any CPU.ActiveCfg = Release|Any CPU
		{A82BC10B-327E-4931-AB3D-84F6C7A631C0}.Release|Any CPU.Build.0 = Release|Any CPU
		{3063C4D1-EDF0-4ECA-A1C4-4EEA5FF5748B}.Debug|Any CPU.ActiveCfg = Debug|Any CPU
		{3063C4D1-EDF0-4ECA-A1C4-4EEA5FF5748B}.Debug|Any CPU.Build.0 = Debug|Any CPU
		{3063C4D1-EDF0-4ECA-A1C4-4EEA5FF5748B}.Release|Any CPU.ActiveCfg = Release|Any CPU
		{3063C4D1-EDF0-4ECA-A1C4-4EEA5FF5748B}.Release|Any CPU.Build.0 = Release|Any CPU
	EndGlobalSection
	GlobalSection(SolutionProperties) = preSolution
		HideSolutionNode = FALSE
	EndGlobalSection
EndGlobal
